
Microsoft Visual Studio Solution File, Format Version 12.00
Project("{FAE04EC0-301F-11D3-BF4B-00C04F79EFBC}") = "More.Strings", "More.Strings\More.Strings.csproj", "{EEB3728E-2023-4B26-AEBA-D51D7CA672A1}"
EndProject
Project("{FAE04EC0-301F-11D3-BF4B-00C04F79EFBC}") = "More.Console", "More.Console\More.Console.csproj", "{EDEADF2A-371E-435E-84E2-0A4E3E90A9A9}"
EndProject
Project("{2150E333-8FDC-42A3-9474-1A3956D46DE8}") = "Tests", "Tests", "{05FA55DF-9366-4960-ACC2-C1256058AAA1}"
EndProject
Project("{FAE04EC0-301F-11D3-BF4B-00C04F79EFBC}") = "More.Strings.Tests", "More.Strings.Tests\More.Strings.Tests.csproj", "{D4E9D5D6-A51B-434F-B9BC-BBAD8ABB9F41}"
EndProject
Project("{FAE04EC0-301F-11D3-BF4B-00C04F79EFBC}") = "More.Core", "More.Core\More.Core.csproj", "{24125699-4E3C-4168-8F9C-D3F9D82F53C6}"
EndProject
Project("{FAE04EC0-301F-11D3-BF4B-00C04F79EFBC}") = "More.Trees", "More.Trees\More.Trees.csproj", "{ED809B23-AA6E-4EF1-91D9-789EB02ACFC0}"
EndProject
Project("{FAE04EC0-301F-11D3-BF4B-00C04F79EFBC}") = "More.Trees.Tests", "More.Trees.Tests\More.Trees.Tests.csproj", "{3BD964F8-89CE-421B-BEF0-8CCFD40905DF}"
EndProject
Project("{FAE04EC0-301F-11D3-BF4B-00C04F79EFBC}") = "More.Sql", "More.Sql\More.Sql.csproj", "{0EF05D65-E5EC-4457-A729-787FEE56DE44}"
EndProject
Project("{FAE04EC0-301F-11D3-BF4B-00C04F79EFBC}") = "More.Sql.Tests", "More.Sql.Tests\More.Sql.Tests.csproj", "{330844BF-26DD-4626-8553-79412971102C}"
EndProject
Global
	GlobalSection(SolutionConfigurationPlatforms) = preSolution
		Debug|Any CPU = Debug|Any CPU
		Release|Any CPU = Release|Any CPU
	EndGlobalSection
	GlobalSection(ProjectConfigurationPlatforms) = postSolution
		{EEB3728E-2023-4B26-AEBA-D51D7CA672A1}.Debug|Any CPU.ActiveCfg = Debug|Any CPU
		{EEB3728E-2023-4B26-AEBA-D51D7CA672A1}.Debug|Any CPU.Build.0 = Debug|Any CPU
		{EEB3728E-2023-4B26-AEBA-D51D7CA672A1}.Release|Any CPU.ActiveCfg = Release|Any CPU
		{EEB3728E-2023-4B26-AEBA-D51D7CA672A1}.Release|Any CPU.Build.0 = Release|Any CPU
		{EDEADF2A-371E-435E-84E2-0A4E3E90A9A9}.Debug|Any CPU.ActiveCfg = Debug|Any CPU
		{EDEADF2A-371E-435E-84E2-0A4E3E90A9A9}.Debug|Any CPU.Build.0 = Debug|Any CPU
		{EDEADF2A-371E-435E-84E2-0A4E3E90A9A9}.Release|Any CPU.ActiveCfg = Release|Any CPU
		{EDEADF2A-371E-435E-84E2-0A4E3E90A9A9}.Release|Any CPU.Build.0 = Release|Any CPU
		{D4E9D5D6-A51B-434F-B9BC-BBAD8ABB9F41}.Debug|Any CPU.ActiveCfg = Debug|Any CPU
		{D4E9D5D6-A51B-434F-B9BC-BBAD8ABB9F41}.Debug|Any CPU.Build.0 = Debug|Any CPU
		{D4E9D5D6-A51B-434F-B9BC-BBAD8ABB9F41}.Release|Any CPU.ActiveCfg = Release|Any CPU
		{D4E9D5D6-A51B-434F-B9BC-BBAD8ABB9F41}.Release|Any CPU.Build.0 = Release|Any CPU
		{24125699-4E3C-4168-8F9C-D3F9D82F53C6}.Debug|Any CPU.ActiveCfg = Debug|Any CPU
		{24125699-4E3C-4168-8F9C-D3F9D82F53C6}.Debug|Any CPU.Build.0 = Debug|Any CPU
		{24125699-4E3C-4168-8F9C-D3F9D82F53C6}.Release|Any CPU.ActiveCfg = Release|Any CPU
		{24125699-4E3C-4168-8F9C-D3F9D82F53C6}.Release|Any CPU.Build.0 = Release|Any CPU
		{ED809B23-AA6E-4EF1-91D9-789EB02ACFC0}.Debug|Any CPU.ActiveCfg = Debug|Any CPU
		{ED809B23-AA6E-4EF1-91D9-789EB02ACFC0}.Debug|Any CPU.Build.0 = Debug|Any CPU
		{ED809B23-AA6E-4EF1-91D9-789EB02ACFC0}.Release|Any CPU.ActiveCfg = Release|Any CPU
		{ED809B23-AA6E-4EF1-91D9-789EB02ACFC0}.Release|Any CPU.Build.0 = Release|Any CPU
		{3BD964F8-89CE-421B-BEF0-8CCFD40905DF}.Debug|Any CPU.ActiveCfg = Debug|Any CPU
		{3BD964F8-89CE-421B-BEF0-8CCFD40905DF}.Debug|Any CPU.Build.0 = Debug|Any CPU
		{3BD964F8-89CE-421B-BEF0-8CCFD40905DF}.Release|Any CPU.ActiveCfg = Release|Any CPU
		{3BD964F8-89CE-421B-BEF0-8CCFD40905DF}.Release|Any CPU.Build.0 = Release|Any CPU
		{0EF05D65-E5EC-4457-A729-787FEE56DE44}.Debug|Any CPU.ActiveCfg = Debug|Any CPU
		{0EF05D65-E5EC-4457-A729-787FEE56DE44}.Debug|Any CPU.Build.0 = Debug|Any CPU
		{0EF05D65-E5EC-4457-A729-787FEE56DE44}.Release|Any CPU.ActiveCfg = Release|Any CPU
		{0EF05D65-E5EC-4457-A729-787FEE56DE44}.Release|Any CPU.Build.0 = Release|Any CPU
		{330844BF-26DD-4626-8553-79412971102C}.Debug|Any CPU.ActiveCfg = Debug|Any CPU
		{330844BF-26DD-4626-8553-79412971102C}.Debug|Any CPU.Build.0 = Debug|Any CPU
		{330844BF-26DD-4626-8553-79412971102C}.Release|Any CPU.ActiveCfg = Release|Any CPU
		{330844BF-26DD-4626-8553-79412971102C}.Release|Any CPU.Build.0 = Release|Any CPU
	EndGlobalSection
	GlobalSection(NestedProjects) = preSolution
		{D4E9D5D6-A51B-434F-B9BC-BBAD8ABB9F41} = {05FA55DF-9366-4960-ACC2-C1256058AAA1}
		{3BD964F8-89CE-421B-BEF0-8CCFD40905DF} = {05FA55DF-9366-4960-ACC2-C1256058AAA1}
		{330844BF-26DD-4626-8553-79412971102C} = {05FA55DF-9366-4960-ACC2-C1256058AAA1}
	EndGlobalSection
EndGlobal
